
Microsoft Visual Studio Solution File, Format Version 12.00
# Visual Studio Version 17
VisualStudioVersion = 17.3.32901.215
MinimumVisualStudioVersion = 10.0.40219.1
Project("{FAE04EC0-301F-11D3-BF4B-00C04F79EFBC}") = "Euler", "Euler\Euler.csproj", "{B52E150F-157D-444F-9A00-A53CBD9A9445}"
EndProject
Global
	GlobalSection(SolutionConfigurationPlatforms) = preSolution
		Debug|Any CPU = Debug|Any CPU
		Release|Any CPU = Release|Any CPU
	EndGlobalSection
	GlobalSection(ProjectConfigurationPlatforms) = postSolution
		{B52E150F-157D-444F-9A00-A53CBD9A9445}.Debug|Any CPU.ActiveCfg = Debug|Any CPU
		{B52E150F-157D-444F-9A00-A53CBD9A9445}.Debug|Any CPU.Build.0 = Debug|Any CPU
		{B52E150F-157D-444F-9A00-A53CBD9A9445}.Release|Any CPU.ActiveCfg = Release|Any CPU
		{B52E150F-157D-444F-9A00-A53CBD9A9445}.Release|Any CPU.Build.0 = Release|Any CPU
	EndGlobalSection
	GlobalSection(SolutionProperties) = preSolution
		HideSolutionNode = FALSE
	EndGlobalSection
	GlobalSection(ExtensibilityGlobals) = postSolution
		SolutionGuid = {578E473D-F152-4910-B82B-155A7DCE077F}
	EndGlobalSection
EndGlobal
